
Microsoft Visual Studio Solution File, Format Version 12.00
# Visual Studio Version 17
VisualStudioVersion = 17.4.33122.133
MinimumVisualStudioVersion = 10.0.40219.1
Project("{FAE04EC0-301F-11D3-BF4B-00C04F79EFBC}") = "SistemaDeContaBancaria", "SistemaDeContaBancaria.csproj", "{34C3E9B7-F2B2-4427-8062-97B7DF6BB453}"
EndProject
Global
	GlobalSection(SolutionConfigurationPlatforms) = preSolution
		Debug|Any CPU = Debug|Any CPU
		Release|Any CPU = Release|Any CPU
	EndGlobalSection
	GlobalSection(ProjectConfigurationPlatforms) = postSolution
		{34C3E9B7-F2B2-4427-8062-97B7DF6BB453}.Debug|Any CPU.ActiveCfg = Debug|Any CPU
		{34C3E9B7-F2B2-4427-8062-97B7DF6BB453}.Debug|Any CPU.Build.0 = Debug|Any CPU
		{34C3E9B7-F2B2-4427-8062-97B7DF6BB453}.Release|Any CPU.ActiveCfg = Release|Any CPU
		{34C3E9B7-F2B2-4427-8062-97B7DF6BB453}.Release|Any CPU.Build.0 = Release|Any CPU
	EndGlobalSection
	GlobalSection(SolutionProperties) = preSolution
		HideSolutionNode = FALSE
	EndGlobalSection
	GlobalSection(ExtensibilityGlobals) = postSolution
		SolutionGuid = {EAEF6E97-3730-4CEC-967C-DE5B74230638}
	EndGlobalSection
EndGlobal
